{
  "name": "@whistler-digital/bastion",
  "version": "0.1.0",
  "lockfileVersion": 3,
  "requires": true,
  "packages": {
    "": {
      "name": "@whistler-digital/bastion",
      "version": "0.1.0",
      "license": "MIT",
      "bin": {
        "bastion": "bin/bastion.js"
      },
      "engines": {
        "node": ">=20"
      }
    }
  }
}
